
Microsoft Visual Studio Solution File, Format Version 12.00
# Visual Studio 15
VisualStudioVersion = 15.0.28307.421
MinimumVisualStudioVersion = 10.0.40219.1
Project("{FAE04EC0-301F-11D3-BF4B-00C04F79EFBC}") = "ProjetoLP3_4bim", "ProjetoLP3_4bim\ProjetoLP3_4bim.csproj", "{D4818815-72BA-4F36-957A-4EBC66CCA200}"
EndProject
Global
	GlobalSection(SolutionConfigurationPlatforms) = preSolution
		Debug|Any CPU = Debug|Any CPU
		Release|Any CPU = Release|Any CPU
	EndGlobalSection
	GlobalSection(ProjectConfigurationPlatforms) = postSolution
		{D4818815-72BA-4F36-957A-4EBC66CCA200}.Debug|Any CPU.ActiveCfg = Debug|Any CPU
		{D4818815-72BA-4F36-957A-4EBC66CCA200}.Debug|Any CPU.Build.0 = Debug|Any CPU
		{D4818815-72BA-4F36-957A-4EBC66CCA200}.Release|Any CPU.ActiveCfg = Release|Any CPU
		{D4818815-72BA-4F36-957A-4EBC66CCA200}.Release|Any CPU.Build.0 = Release|Any CPU
	EndGlobalSection
	GlobalSection(SolutionProperties) = preSolution
		HideSolutionNode = FALSE
	EndGlobalSection
	GlobalSection(ExtensibilityGlobals) = postSolution
		SolutionGuid = {68B5B4E1-2075-4A89-89F3-BEEC483E2C42}
	EndGlobalSection
EndGlobal
